<?xml version="1.0" encoding="utf-8"?>
<Project ToolsVersion="4.0" xmlns="http://schemas.microsoft.com/developer/msbuild/2003">
  <ItemGroup>
    <Filter Include="Source Files">
      <UniqueIdentifier>{E3613B91-F7CF-4b5d-BD15-7E4CA2147831}</UniqueIdentifier>
      <Extensions>cpp;c;cc;cxx;def;odl;idl;hpj;bat;asm;asmx</Extensions>
    </Filter>
    <Filter Include="Header Files">
      <UniqueIdentifier>{FA1F6C6A-7309-43b9-A47F-944BE56006F0}</UniqueIdentifier>
      <Extensions>h;hpp;hxx;hm;inl;inc;xsd</Extensions>
    </Filter>
    <Filter Include="Resource Files">
      <UniqueIdentifier>{A44F1D74-EE7A-4a8b-ACC6-B440B7FB67D0}</UniqueIdentifier>
      <Extensions>rc;ico;cur;bmp;dlg;rc2;rct;bin;rgs;gif;jpg;jpeg;jpe;resx;tiff;tif;png;wav</Extensions>
    </Filter>
    <Filter Include="HTML">
      <UniqueIdentifier>{22973aef-a7d2-47bc-8779-0dcff9f09f69}</UniqueIdentifier>
    </Filter>
  </ItemGroup>
  <ItemGroup>
    <ClCompile Include="LogWindow.cpp">
      <Filter>Source Files</Filter>
    </ClCompile>
  </ItemGroup>
  <ItemGroup>
    <ClInclude Include="LogWindow.h">
      <Filter>Header Files</Filter>
    </ClInclude>
  </ItemGroup>
  <ItemGroup>
    <None Include="..\..\bin\Win32\Debug\modules\LogWindow\config.txt" />
    <None Include="..\..\bin\Win32\Debug\modules\LogWindow\index.html">
      <Filter>HTML</Filter>
    </None>
    <None Include="..\..\bin\Win32\Debug\modules\LogWindow\style.css">
      <Filter>HTML</Filter>
    </None>
  </ItemGroup>
</Project>