<?xml version="1.0" encoding="utf-8"?>
<Project ToolsVersion="4.0" xmlns="http://schemas.microsoft.com/developer/msbuild/2003">
  <ItemGroup>
    <Filter Include="Source Files">
      <UniqueIdentifier>{7FE3AFF8-A539-4bb2-9ECC-C84403CD289B}</UniqueIdentifier>
      <Extensions>cpp;c;cc;cxx;def;odl;idl;hpj;bat;asm;asmx</Extensions>
    </Filter>
    <Filter Include="Header Files">
      <UniqueIdentifier>{289EC42F-A44E-48f4-885C-01CF3476E57C}</UniqueIdentifier>
      <Extensions>h;hpp;hxx;hm;inl;inc;xsd</Extensions>
    </Filter>
    <Filter Include="Resource Files">
      <UniqueIdentifier>{BBDEE9FB-9E85-455c-AF30-A5C0479B5FA4}</UniqueIdentifier>
      <Extensions>rc;ico;cur;bmp;dlg;rc2;rct;bin;rgs;gif;jpg;jpeg;jpe;resx;tiff;tif;png;wav</Extensions>
    </Filter>
  </ItemGroup>
  <ItemGroup>
    <ClCompile Include="Chat.cpp">
      <Filter>Source Files</Filter>
    </ClCompile>
    <ClCompile Include="Context.cpp">
      <Filter>Source Files</Filter>
    </ClCompile>
    <ClCompile Include="Location.cpp">
      <Filter>Source Files</Filter>
    </ClCompile>
    <ClCompile Include="Participant.cpp">
      <Filter>Source Files</Filter>
    </ClCompile>
    <ClCompile Include="Thingy.cpp">
      <Filter>Source Files</Filter>
    </ClCompile>
    <ClCompile Include="vp.cpp">
      <Filter>Source Files</Filter>
    </ClCompile>
    <ClCompile Include="VpModule.cpp">
      <Filter>Source Files</Filter>
    </ClCompile>
    <ClCompile Include="VpModuleTester.cpp">
      <Filter>Source Files</Filter>
    </ClCompile>
  </ItemGroup>
  <ItemGroup>
    <ClInclude Include="Chat.h">
      <Filter>Header Files</Filter>
    </ClInclude>
    <ClInclude Include="Context.h">
      <Filter>Header Files</Filter>
    </ClInclude>
    <ClInclude Include="Local.h">
      <Filter>Header Files</Filter>
    </ClInclude>
    <ClInclude Include="Location.h">
      <Filter>Header Files</Filter>
    </ClInclude>
    <ClInclude Include="Participant.h">
      <Filter>Header Files</Filter>
    </ClInclude>
    <ClInclude Include="Thingy.h">
      <Filter>Header Files</Filter>
    </ClInclude>
    <ClInclude Include="vp.h">
      <Filter>Header Files</Filter>
    </ClInclude>
    <ClInclude Include="VpModule.h">
      <Filter>Header Files</Filter>
    </ClInclude>
    <ClInclude Include="VpModuleTester.h">
      <Filter>Header Files</Filter>
    </ClInclude>
  </ItemGroup>
  <ItemGroup>
    <None Include="..\..\bin\Win32\Debug\modules\vp\config.txt" />
  </ItemGroup>
</Project>