<?xml version="1.0" encoding="utf-8"?>
<Project ToolsVersion="4.0" xmlns="http://schemas.microsoft.com/developer/msbuild/2003">
  <ItemGroup>
    <Filter Include="Source Files">
      <UniqueIdentifier>{19117FCD-046F-4765-BB1E-AC1D4020129C}</UniqueIdentifier>
      <Extensions>cpp;c;cc;cxx;def;odl;idl;hpj;bat;asm;asmx</Extensions>
    </Filter>
    <Filter Include="Header Files">
      <UniqueIdentifier>{B64C2BFE-2888-48f3-901D-4AE73F2A06BC}</UniqueIdentifier>
      <Extensions>h;hpp;hxx;hm;inl;inc;xsd</Extensions>
    </Filter>
    <Filter Include="Resource Files">
      <UniqueIdentifier>{126F98A9-0A5C-4e74-9C3F-D7369A50E9D3}</UniqueIdentifier>
      <Extensions>rc;ico;cur;bmp;dlg;rc2;rct;bin;rgs;gif;jpg;jpeg;jpe;resx;tiff;tif;png;wav</Extensions>
    </Filter>
  </ItemGroup>
  <ItemGroup>
    <ClCompile Include="HttpConnection.cpp">
      <Filter>Source Files</Filter>
    </ClCompile>
    <ClCompile Include="HttpParser.cpp">
      <Filter>Source Files</Filter>
    </ClCompile>
    <ClCompile Include="HttpServer.cpp">
      <Filter>Source Files</Filter>
    </ClCompile>
    <ClCompile Include="server.cpp">
      <Filter>Source Files</Filter>
    </ClCompile>
    <ClCompile Include="ServerModule.cpp">
      <Filter>Source Files</Filter>
    </ClCompile>
    <ClCompile Include="TcpConnection.cpp">
      <Filter>Source Files</Filter>
    </ClCompile>
    <ClCompile Include="TcpServer.cpp">
      <Filter>Source Files</Filter>
    </ClCompile>
    <ClCompile Include="WebSocketConnection.cpp">
      <Filter>Source Files</Filter>
    </ClCompile>
    <ClCompile Include="WebSocketServer.cpp">
      <Filter>Source Files</Filter>
    </ClCompile>
  </ItemGroup>
  <ItemGroup>
    <ClInclude Include="HttpConnection.h">
      <Filter>Header Files</Filter>
    </ClInclude>
    <ClInclude Include="HttpParser.h">
      <Filter>Header Files</Filter>
    </ClInclude>
    <ClInclude Include="HttpServer.h">
      <Filter>Header Files</Filter>
    </ClInclude>
    <ClInclude Include="Local.h">
      <Filter>Header Files</Filter>
    </ClInclude>
    <ClInclude Include="server.h">
      <Filter>Header Files</Filter>
    </ClInclude>
    <ClInclude Include="ServerModule.h">
      <Filter>Header Files</Filter>
    </ClInclude>
    <ClInclude Include="TcpConnection.h">
      <Filter>Header Files</Filter>
    </ClInclude>
    <ClInclude Include="TcpServer.h">
      <Filter>Header Files</Filter>
    </ClInclude>
    <ClInclude Include="WebSocketConnection.h">
      <Filter>Header Files</Filter>
    </ClInclude>
    <ClInclude Include="WebSocketServer.h">
      <Filter>Header Files</Filter>
    </ClInclude>
  </ItemGroup>
  <ItemGroup>
    <None Include="..\..\bin\Win32\Debug\modules\server\config.txt" />
  </ItemGroup>
</Project>