<?xml version="1.0" encoding="utf-8"?>
<Project ToolsVersion="4.0" xmlns="http://schemas.microsoft.com/developer/msbuild/2003">
  <ItemGroup>
    <Filter Include="Source Files">
      <UniqueIdentifier>{4501F610-4574-4bf5-AE33-19AD806C792E}</UniqueIdentifier>
      <Extensions>cpp;c;cc;cxx;def;odl;idl;hpj;bat;asm;asmx</Extensions>
    </Filter>
    <Filter Include="Header Files">
      <UniqueIdentifier>{64DD40A3-AEB4-4e06-B4AD-493BEFF5328E}</UniqueIdentifier>
      <Extensions>h;hpp;hxx;hm;inl;inc;xsd</Extensions>
    </Filter>
    <Filter Include="Resource Files">
      <UniqueIdentifier>{6FEB3C2B-5221-41b2-9DC0-9C4A9F8E0E73}</UniqueIdentifier>
      <Extensions>rc;ico;cur;bmp;dlg;rc2;rct;bin;rgs;gif;jpg;jpeg;jpe;resx;tiff;tif;png;wav</Extensions>
    </Filter>
  </ItemGroup>
  <ItemGroup>
    <ClCompile Include="Browser.cpp">
      <Filter>Source Files</Filter>
    </ClCompile>
    <ClCompile Include="browserinfo.cpp">
      <Filter>Source Files</Filter>
    </ClCompile>
    <ClCompile Include="BrowserInfoModule.cpp">
      <Filter>Source Files</Filter>
    </ClCompile>
    <ClCompile Include="Firefox3Win32Browser.cpp">
      <Filter>Source Files</Filter>
    </ClCompile>
    <ClCompile Include="Firefox4Win32Browser.cpp">
      <Filter>Source Files</Filter>
    </ClCompile>
    <ClCompile Include="Win32Browser.cpp">
      <Filter>Source Files</Filter>
    </ClCompile>
    <ClCompile Include="Win32Window.cpp">
      <Filter>Source Files</Filter>
    </ClCompile>
    <ClCompile Include="ChromeWin32Browser.cpp">
      <Filter>Source Files</Filter>
    </ClCompile>
  </ItemGroup>
  <ItemGroup>
    <ClInclude Include="Browser.h">
      <Filter>Header Files</Filter>
    </ClInclude>
    <ClInclude Include="browserinfo.h">
      <Filter>Header Files</Filter>
    </ClInclude>
    <ClInclude Include="BrowserInfoModule.h">
      <Filter>Header Files</Filter>
    </ClInclude>
    <ClInclude Include="Firefox3Win32Browser.h">
      <Filter>Header Files</Filter>
    </ClInclude>
    <ClInclude Include="Firefox4Win32Browser.h">
      <Filter>Header Files</Filter>
    </ClInclude>
    <ClInclude Include="Local.h">
      <Filter>Header Files</Filter>
    </ClInclude>
    <ClInclude Include="Win32Browser.h">
      <Filter>Header Files</Filter>
    </ClInclude>
    <ClInclude Include="Win32Window.h">
      <Filter>Header Files</Filter>
    </ClInclude>
    <ClInclude Include="ChromeWin32Browser.h">
      <Filter>Header Files</Filter>
    </ClInclude>
  </ItemGroup>
  <ItemGroup>
    <None Include="..\..\bin\Win32\Debug\modules\browserinfo\config.txt" />
  </ItemGroup>
</Project>