<?xml version="1.0" encoding="utf-8"?>
<Project ToolsVersion="4.0" xmlns="http://schemas.microsoft.com/developer/msbuild/2003">
  <ItemGroup>
    <Filter Include="Source Files">
      <UniqueIdentifier>{8D6782D9-455D-4a63-B211-3C62D77456D9}</UniqueIdentifier>
      <Extensions>cpp;c;cc;cxx;def;odl;idl;hpj;bat;asm;asmx</Extensions>
    </Filter>
    <Filter Include="Header Files">
      <UniqueIdentifier>{84DFAAD5-5DA4-4ec8-82C3-9C9109DCD51B}</UniqueIdentifier>
      <Extensions>h;hpp;hxx;hm;inl;inc;xsd</Extensions>
    </Filter>
    <Filter Include="Resource Files">
      <UniqueIdentifier>{6D24B475-582B-426e-B246-510B1F77B3AD}</UniqueIdentifier>
      <Extensions>rc;ico;cur;bmp;dlg;rc2;rct;bin;rgs;gif;jpg;jpeg;jpe;resx;tiff;tif;png;wav</Extensions>
    </Filter>
    <Filter Include="HTML">
      <UniqueIdentifier>{2e107a8c-79a2-45bc-9cd5-1a4067c7c855}</UniqueIdentifier>
    </Filter>
  </ItemGroup>
  <ItemGroup>
    <ClCompile Include="ChatModule.cpp">
      <Filter>Source Files</Filter>
    </ClCompile>
    <ClCompile Include="ChatWindow.cpp">
      <Filter>Source Files</Filter>
    </ClCompile>
    <ClCompile Include="dll.cpp">
      <Filter>Source Files</Filter>
    </ClCompile>
    <ClCompile Include="Participant.cpp">
      <Filter>Source Files</Filter>
    </ClCompile>
  </ItemGroup>
  <ItemGroup>
    <ClInclude Include="ChatModule.h">
      <Filter>Header Files</Filter>
    </ClInclude>
    <ClInclude Include="ChatWindow.h">
      <Filter>Header Files</Filter>
    </ClInclude>
    <ClInclude Include="dll.h">
      <Filter>Header Files</Filter>
    </ClInclude>
    <ClInclude Include="Local.h">
      <Filter>Header Files</Filter>
    </ClInclude>
    <ClInclude Include="Participant.h">
      <Filter>Header Files</Filter>
    </ClInclude>
  </ItemGroup>
  <ItemGroup>
    <None Include="..\..\bin\Win32\Debug\modules\Chat\Chat.css">
      <Filter>HTML</Filter>
    </None>
    <None Include="..\..\bin\Win32\Debug\modules\Chat\Chat.html">
      <Filter>HTML</Filter>
    </None>
    <None Include="..\..\bin\Win32\Debug\modules\Chat\layout-default-latest.css">
      <Filter>HTML</Filter>
    </None>
    <None Include="..\..\bin\Win32\Debug\modules\Chat\config.txt" />
  </ItemGroup>
</Project>