
Microsoft Visual Studio Solution File, Format Version 11.00
# Visual Studio 2010
Project("{9E02AF3E-82C2-46e1-8771-333B223C1E5E}") = "AvatarNavigator", "AvatarNavigator.csproj", "{853F9DF2-BE34-4913-B8A3-1E9BC2D265EE}"
EndProject
Global
	GlobalSection(SolutionConfigurationPlatforms) = preSolution
		Debug|Any CPU = Debug|Any CPU
		Release|Any CPU = Release|Any CPU
	EndGlobalSection
	GlobalSection(ProjectConfigurationPlatforms) = postSolution
		{853F9DF2-BE34-4913-B8A3-1E9BC2D265EE}.Debug|Any CPU.ActiveCfg = Debug|Any CPU
		{853F9DF2-BE34-4913-B8A3-1E9BC2D265EE}.Debug|Any CPU.Build.0 = Debug|Any CPU
		{853F9DF2-BE34-4913-B8A3-1E9BC2D265EE}.Release|Any CPU.ActiveCfg = Release|Any CPU
		{853F9DF2-BE34-4913-B8A3-1E9BC2D265EE}.Release|Any CPU.Build.0 = Release|Any CPU
	EndGlobalSection
	GlobalSection(SolutionProperties) = preSolution
		HideSolutionNode = FALSE
	EndGlobalSection
EndGlobal
