<?xml version="1.0" encoding="utf-8"?>
<Project ToolsVersion="4.0" xmlns="http://schemas.microsoft.com/developer/msbuild/2003">
  <ItemGroup>
    <Filter Include="Source Files">
      <UniqueIdentifier>{4792F3D6-20C5-495d-84EA-82282B2EE583}</UniqueIdentifier>
      <Extensions>cpp;c;cc;cxx;def;odl;idl;hpj;bat;asm;asmx</Extensions>
    </Filter>
    <Filter Include="Header Files">
      <UniqueIdentifier>{DAAD5501-95FB-40e3-AB1E-01A266202CE4}</UniqueIdentifier>
      <Extensions>h;hpp;hxx;hm;inl;inc;xsd</Extensions>
    </Filter>
    <Filter Include="Resource Files">
      <UniqueIdentifier>{EADB9FEC-F3F5-4504-9B84-34BD4D358AF4}</UniqueIdentifier>
      <Extensions>rc;ico;cur;bmp;dlg;rc2;rct;bin;rgs;gif;jpg;jpeg;jpe;resx;tiff;tif;png;wav</Extensions>
    </Filter>
  </ItemGroup>
  <ItemGroup>
    <ClCompile Include="bf_cfb64.c">
      <Filter>Source Files</Filter>
    </ClCompile>
    <ClCompile Include="bf_ecb.c">
      <Filter>Source Files</Filter>
    </ClCompile>
    <ClCompile Include="bf_enc.c">
      <Filter>Source Files</Filter>
    </ClCompile>
    <ClCompile Include="bf_ofb64.c">
      <Filter>Source Files</Filter>
    </ClCompile>
    <ClCompile Include="bf_skey.c">
      <Filter>Source Files</Filter>
    </ClCompile>
  </ItemGroup>
</Project>