<?xml version="1.0" encoding="utf-8"?>
<Project ToolsVersion="4.0" xmlns="http://schemas.microsoft.com/developer/msbuild/2003">
  <ItemGroup>
    <Filter Include="Source Files">
      <UniqueIdentifier>{4FC737F1-C7A5-4376-A066-2A32D752A2FF}</UniqueIdentifier>
      <Extensions>cpp;c;cc;cxx;def;odl;idl;hpj;bat;asm;asmx</Extensions>
    </Filter>
    <Filter Include="Header Files">
      <UniqueIdentifier>{93995380-89BD-4b04-88EB-625FBE52EBFB}</UniqueIdentifier>
      <Extensions>h;hpp;hxx;hm;inl;inc;xsd</Extensions>
    </Filter>
    <Filter Include="Header Files\Include">
      <UniqueIdentifier>{1e285d07-d128-4731-9819-e71bd00f0e87}</UniqueIdentifier>
    </Filter>
    <Filter Include="Resource Files">
      <UniqueIdentifier>{67DA6AB6-F800-4c08-8B7A-83BB121AAD01}</UniqueIdentifier>
      <Extensions>rc;ico;cur;bmp;dlg;rc2;rct;bin;rgs;gif;jpg;jpeg;jpe;resx;tiff;tif;png;wav</Extensions>
    </Filter>
    <Filter Include="Header Files\Include\Msg">
      <UniqueIdentifier>{fa66e42f-bbd5-4639-8bfd-26605d8551e4}</UniqueIdentifier>
    </Filter>
  </ItemGroup>
  <ItemGroup>
    <ClCompile Include="ApConfig.cpp">
      <Filter>Source Files</Filter>
    </ClCompile>
    <ClCompile Include="ApLib.cpp">
      <Filter>Source Files</Filter>
    </ClCompile>
    <ClCompile Include="ApLog.cpp">
      <Filter>Source Files</Filter>
    </ClCompile>
    <ClCompile Include="ApMessage.cpp">
      <Filter>Source Files</Filter>
    </ClCompile>
    <ClCompile Include="ApModule.cpp">
      <Filter>Source Files</Filter>
    </ClCompile>
    <ClCompile Include="Apollo.cpp">
      <Filter>Source Files</Filter>
    </ClCompile>
    <ClCompile Include="ApOS.cpp">
      <Filter>Source Files</Filter>
    </ClCompile>
    <ClCompile Include="ApTimer.cpp">
      <Filter>Source Files</Filter>
    </ClCompile>
    <ClCompile Include="ApTypes.cpp">
      <Filter>Source Files</Filter>
    </ClCompile>
    <ClCompile Include="ColorString.cpp">
      <Filter>Source Files</Filter>
    </ClCompile>
    <ClCompile Include="Crypto.cpp">
      <Filter>Source Files</Filter>
    </ClCompile>
    <ClCompile Include="Image.cpp">
      <Filter>Source Files</Filter>
    </ClCompile>
    <ClCompile Include="MessageDigest.cpp">
      <Filter>Source Files</Filter>
    </ClCompile>
    <ClCompile Include="Project.cpp">
      <Filter>Source Files</Filter>
    </ClCompile>
    <ClCompile Include="RegEx.cpp">
      <Filter>Source Files</Filter>
    </ClCompile>
    <ClCompile Include="SElem.cpp">
      <Filter>Source Files</Filter>
    </ClCompile>
    <ClCompile Include="SRegistry.cpp">
      <Filter>Source Files</Filter>
    </ClCompile>
    <ClCompile Include="SrpcGateHelper.cpp">
      <Filter>Source Files</Filter>
    </ClCompile>
    <ClCompile Include="SrpcMessage.cpp">
      <Filter>Source Files</Filter>
    </ClCompile>
    <ClCompile Include="SrpcStreamParser.cpp">
      <Filter>Source Files</Filter>
    </ClCompile>
    <ClCompile Include="SString.cpp">
      <Filter>Source Files</Filter>
    </ClCompile>
    <ClCompile Include="ThreadPool.cpp">
      <Filter>Source Files</Filter>
    </ClCompile>
    <ClCompile Include="URL.cpp">
      <Filter>Source Files</Filter>
    </ClCompile>
    <ClCompile Include="WindowHandle.cpp">
      <Filter>Source Files</Filter>
    </ClCompile>
    <ClCompile Include="XMLProcessor.cpp">
      <Filter>Source Files</Filter>
    </ClCompile>
  </ItemGroup>
  <ItemGroup>
    <ClInclude Include="ApLib.h">
      <Filter>Header Files</Filter>
    </ClInclude>
    <ClInclude Include="..\..\include\ApCompiler.h">
      <Filter>Header Files\Include</Filter>
    </ClInclude>
    <ClInclude Include="..\..\include\ApContainer.h">
      <Filter>Header Files\Include</Filter>
    </ClInclude>
    <ClInclude Include="..\..\include\ApExports.h">
      <Filter>Header Files\Include</Filter>
    </ClInclude>
    <ClInclude Include="..\..\include\ApLog.h">
      <Filter>Header Files\Include</Filter>
    </ClInclude>
    <ClInclude Include="..\..\include\ApMessage.h">
      <Filter>Header Files\Include</Filter>
    </ClInclude>
    <ClInclude Include="..\..\include\ApModule.h">
      <Filter>Header Files\Include</Filter>
    </ClInclude>
    <ClInclude Include="..\..\include\Apollo.h">
      <Filter>Header Files\Include</Filter>
    </ClInclude>
    <ClInclude Include="..\..\include\ApOS.h">
      <Filter>Header Files\Include</Filter>
    </ClInclude>
    <ClInclude Include="..\..\include\ApTypes.h">
      <Filter>Header Files\Include</Filter>
    </ClInclude>
    <ClInclude Include="..\..\include\ColorString.h">
      <Filter>Header Files\Include</Filter>
    </ClInclude>
    <ClInclude Include="..\..\include\Crypto.h">
      <Filter>Header Files\Include</Filter>
    </ClInclude>
    <ClInclude Include="..\..\include\Image.h">
      <Filter>Header Files\Include</Filter>
    </ClInclude>
    <ClInclude Include="..\..\include\MessageDigest.h">
      <Filter>Header Files\Include</Filter>
    </ClInclude>
    <ClInclude Include="..\..\include\Project.h">
      <Filter>Header Files\Include</Filter>
    </ClInclude>
    <ClInclude Include="..\..\include\RegEx.h">
      <Filter>Header Files\Include</Filter>
    </ClInclude>
    <ClInclude Include="..\..\include\SAutoPtr.h">
      <Filter>Header Files\Include</Filter>
    </ClInclude>
    <ClInclude Include="..\..\include\SElem.h">
      <Filter>Header Files\Include</Filter>
    </ClInclude>
    <ClInclude Include="..\..\include\SListT.h">
      <Filter>Header Files\Include</Filter>
    </ClInclude>
    <ClInclude Include="..\..\include\SRegistry.h">
      <Filter>Header Files\Include</Filter>
    </ClInclude>
    <ClInclude Include="..\..\include\SrpcGateHelper.h">
      <Filter>Header Files\Include</Filter>
    </ClInclude>
    <ClInclude Include="..\..\include\SrpcMessage.h">
      <Filter>Header Files\Include</Filter>
    </ClInclude>
    <ClInclude Include="..\..\include\SrpcStreamParser.h">
      <Filter>Header Files\Include</Filter>
    </ClInclude>
    <ClInclude Include="..\..\include\SString.h">
      <Filter>Header Files\Include</Filter>
    </ClInclude>
    <ClInclude Include="..\..\include\SSystem.h">
      <Filter>Header Files\Include</Filter>
    </ClInclude>
    <ClInclude Include="..\..\include\STree.h">
      <Filter>Header Files\Include</Filter>
    </ClInclude>
    <ClInclude Include="..\..\include\ThreadPool.h">
      <Filter>Header Files\Include</Filter>
    </ClInclude>
    <ClInclude Include="..\..\include\URL.h">
      <Filter>Header Files\Include</Filter>
    </ClInclude>
    <ClInclude Include="..\..\include\VisualLeakDetector.h">
      <Filter>Header Files\Include</Filter>
    </ClInclude>
    <ClInclude Include="..\..\include\WindowHandle.h">
      <Filter>Header Files\Include</Filter>
    </ClInclude>
    <ClInclude Include="..\..\include\XMLProcessor.h">
      <Filter>Header Files\Include</Filter>
    </ClInclude>
    <ClInclude Include="..\..\include\MsgAnimation.h">
      <Filter>Header Files\Include\Msg</Filter>
    </ClInclude>
    <ClInclude Include="..\..\include\MsgXmpp.h">
      <Filter>Header Files\Include\Msg</Filter>
    </ClInclude>
    <ClInclude Include="..\..\include\MsgBrowserInfo.h">
      <Filter>Header Files\Include\Msg</Filter>
    </ClInclude>
    <ClInclude Include="..\..\include\MsgChatWindow.h">
      <Filter>Header Files\Include\Msg</Filter>
    </ClInclude>
    <ClInclude Include="..\..\include\MsgConfig.h">
      <Filter>Header Files\Include\Msg</Filter>
    </ClInclude>
    <ClInclude Include="..\..\include\MsgConfigDialog.h">
      <Filter>Header Files\Include\Msg</Filter>
    </ClInclude>
    <ClInclude Include="..\..\include\MsgCore.h">
      <Filter>Header Files\Include\Msg</Filter>
    </ClInclude>
    <ClInclude Include="..\..\include\MsgDB.h">
      <Filter>Header Files\Include\Msg</Filter>
    </ClInclude>
    <ClInclude Include="..\..\include\MsgFile.h">
      <Filter>Header Files\Include\Msg</Filter>
    </ClInclude>
    <ClInclude Include="..\..\include\MsgGalileo.h">
      <Filter>Header Files\Include\Msg</Filter>
    </ClInclude>
    <ClInclude Include="..\..\include\MsgHttpServer.h">
      <Filter>Header Files\Include\Msg</Filter>
    </ClInclude>
    <ClInclude Include="..\..\include\MsgIdentity.h">
      <Filter>Header Files\Include\Msg</Filter>
    </ClInclude>
    <ClInclude Include="..\..\include\MsgIdentityMgmt.h">
      <Filter>Header Files\Include\Msg</Filter>
    </ClInclude>
    <ClInclude Include="..\..\include\MsgLog.h">
      <Filter>Header Files\Include\Msg</Filter>
    </ClInclude>
    <ClInclude Include="..\..\include\MsgMainLoop.h">
      <Filter>Header Files\Include\Msg</Filter>
    </ClInclude>
    <ClInclude Include="..\..\include\MsgNavigation.h">
      <Filter>Header Files\Include\Msg</Filter>
    </ClInclude>
    <ClInclude Include="..\..\include\MsgNet.h">
      <Filter>Header Files\Include\Msg</Filter>
    </ClInclude>
    <ClInclude Include="..\..\include\MsgNetSim.h">
      <Filter>Header Files\Include\Msg</Filter>
    </ClInclude>
    <ClInclude Include="..\..\include\MsgOs.h">
      <Filter>Header Files\Include\Msg</Filter>
    </ClInclude>
    <ClInclude Include="..\..\include\MsgProcess.h">
      <Filter>Header Files\Include\Msg</Filter>
    </ClInclude>
    <ClInclude Include="..\..\include\MsgProtocol.h">
      <Filter>Header Files\Include\Msg</Filter>
    </ClInclude>
    <ClInclude Include="..\..\include\MsgSample.h">
      <Filter>Header Files\Include\Msg</Filter>
    </ClInclude>
    <ClInclude Include="..\..\include\MsgServer.h">
      <Filter>Header Files\Include\Msg</Filter>
    </ClInclude>
    <ClInclude Include="..\..\include\MsgSrpcGate.h">
      <Filter>Header Files\Include\Msg</Filter>
    </ClInclude>
    <ClInclude Include="..\..\include\MsgSystem.h">
      <Filter>Header Files\Include\Msg</Filter>
    </ClInclude>
    <ClInclude Include="..\..\include\MsgTcpServer.h">
      <Filter>Header Files\Include\Msg</Filter>
    </ClInclude>
    <ClInclude Include="..\..\include\MsgThreadPool.h">
      <Filter>Header Files\Include\Msg</Filter>
    </ClInclude>
    <ClInclude Include="..\..\include\MsgTimer.h">
      <Filter>Header Files\Include\Msg</Filter>
    </ClInclude>
    <ClInclude Include="..\..\include\MsgTranslation.h">
      <Filter>Header Files\Include\Msg</Filter>
    </ClInclude>
    <ClInclude Include="..\..\include\MsgUnitTest.h">
      <Filter>Header Files\Include\Msg</Filter>
    </ClInclude>
    <ClInclude Include="..\..\include\MsgVp.h">
      <Filter>Header Files\Include\Msg</Filter>
    </ClInclude>
    <ClInclude Include="..\..\include\MsgVpi.h">
      <Filter>Header Files\Include\Msg</Filter>
    </ClInclude>
    <ClInclude Include="..\..\include\MsgVpView.h">
      <Filter>Header Files\Include\Msg</Filter>
    </ClInclude>
    <ClInclude Include="..\..\include\MsgWebSocketServer.h">
      <Filter>Header Files\Include\Msg</Filter>
    </ClInclude>
    <ClInclude Include="..\..\include\MsgWebView.h">
      <Filter>Header Files\Include\Msg</Filter>
    </ClInclude>
  </ItemGroup>
</Project>