<?xml version="1.0" encoding="utf-8"?>
<Project ToolsVersion="4.0" xmlns="http://schemas.microsoft.com/developer/msbuild/2003">
  <ItemGroup>
    <Filter Include="Source Files">
      <UniqueIdentifier>{FD12DD7A-C70C-4a6a-9ECF-4972EA545819}</UniqueIdentifier>
      <Extensions>cpp;c;cc;cxx;def;odl;idl;hpj;bat;asm;asmx</Extensions>
    </Filter>
    <Filter Include="Header Files">
      <UniqueIdentifier>{72D73B9E-971C-489b-AE9C-E8F7383728E2}</UniqueIdentifier>
      <Extensions>h;hpp;hxx;hm;inl;inc;xsd</Extensions>
    </Filter>
    <Filter Include="Resource Files">
      <UniqueIdentifier>{C6B52F36-59A4-4d3a-9BF8-1C06415715DE}</UniqueIdentifier>
      <Extensions>rc;ico;cur;bmp;dlg;rc2;rct;bin;rgs;gif;jpg;jpeg;jpe;resx;tiff;tif;png;wav</Extensions>
    </Filter>
  </ItemGroup>
  <ItemGroup>
    <ClCompile Include="libvpi.cpp">
      <Filter>Source Files</Filter>
    </ClCompile>
    <ClCompile Include="libvpi_util_include.cpp">
      <Filter>Source Files</Filter>
    </ClCompile>
    <ClCompile Include="VpiContext.cpp">
      <Filter>Source Files</Filter>
    </ClCompile>
    <ClCompile Include="vpiLog_Component.cpp">
      <Filter>Source Files</Filter>
    </ClCompile>
  </ItemGroup>
  <ItemGroup>
    <ClInclude Include="libvpi.h">
      <Filter>Header Files</Filter>
    </ClInclude>
    <ClInclude Include="VpiContext.h">
      <Filter>Header Files</Filter>
    </ClInclude>
    <ClInclude Include="vpiLog_Component.h">
      <Filter>Header Files</Filter>
    </ClInclude>
  </ItemGroup>
</Project>