<?xml version="1.0" encoding="utf-8"?>
<Project ToolsVersion="4.0" xmlns="http://schemas.microsoft.com/developer/msbuild/2003">
  <ItemGroup>
    <Filter Include="Source Files">
      <UniqueIdentifier>{1F7C27D3-ED58-44e4-B3FC-C278237FEF97}</UniqueIdentifier>
      <Extensions>cpp;c;cc;cxx;def;odl;idl;hpj;bat;asm;asmx</Extensions>
    </Filter>
    <Filter Include="Source Files\Main">
      <UniqueIdentifier>{54fcef0a-e9a8-4678-9697-29356fd4ecd2}</UniqueIdentifier>
    </Filter>
    <Filter Include="Header Files">
      <UniqueIdentifier>{B9C197EC-0B4F-4a93-9BD5-F5B99A4008E9}</UniqueIdentifier>
      <Extensions>h;hpp;hxx;hm;inl;inc;xsd</Extensions>
    </Filter>
    <Filter Include="Header Files\Main">
      <UniqueIdentifier>{5e29174d-f990-429c-bde5-cd860df00be7}</UniqueIdentifier>
    </Filter>
    <Filter Include="Resource Files">
      <UniqueIdentifier>{334A3EA9-E4A3-431a-AE3A-F25DA43AE308}</UniqueIdentifier>
      <Extensions>rc;ico;cur;bmp;dlg;rc2;rct;bin;rgs;gif;jpg;jpeg;jpe;resx;tiff;tif;png;wav</Extensions>
    </Filter>
  </ItemGroup>
  <ItemGroup>
    <ClCompile Include="Win32App.cpp">
      <Filter>Source Files</Filter>
    </ClCompile>
    <ClCompile Include="..\Main\Main.cpp">
      <Filter>Source Files\Main</Filter>
    </ClCompile>
  </ItemGroup>
  <ItemGroup>
    <ClInclude Include="resource.h">
      <Filter>Header Files</Filter>
    </ClInclude>
    <ClInclude Include="Win32App.h">
      <Filter>Header Files</Filter>
    </ClInclude>
    <ClInclude Include="..\Main\Main.h">
      <Filter>Header Files\Main</Filter>
    </ClInclude>
  </ItemGroup>
  <ItemGroup>
    <None Include="..\WinMainLoop\res\Main.ico">
      <Filter>Resource Files</Filter>
    </None>
  </ItemGroup>
  <ItemGroup>
    <ResourceCompile Include="Win32App.rc">
      <Filter>Resource Files</Filter>
    </ResourceCompile>
  </ItemGroup>
</Project>