<?xml version="1.0" encoding="utf-8"?>
<Project ToolsVersion="4.0" xmlns="http://schemas.microsoft.com/developer/msbuild/2003">
  <ItemGroup>
    <Filter Include="Source Files">
      <UniqueIdentifier>{46B25642-95E2-4252-9C37-71E9D50AB7D8}</UniqueIdentifier>
      <Extensions>cpp;c;cc;cxx;def;odl;idl;hpj;bat;asm;asmx</Extensions>
    </Filter>
    <Filter Include="Header Files">
      <UniqueIdentifier>{406B9E54-BD41-41c9-A5F3-50F4099BF5E9}</UniqueIdentifier>
      <Extensions>h;hpp;hxx;hm;inl;inc;xsd</Extensions>
    </Filter>
    <Filter Include="Resource Files">
      <UniqueIdentifier>{124167A5-25BD-4104-BA50-FBD0B40B8BDB}</UniqueIdentifier>
      <Extensions>rc;ico;cur;bmp;dlg;rc2;rct;bin;rgs;gif;jpg;jpeg;jpe;resx;tiff;tif;png;wav</Extensions>
    </Filter>
  </ItemGroup>
  <ItemGroup>
    <ClCompile Include="Http.cpp">
      <Filter>Source Files</Filter>
    </ClCompile>
    <ClCompile Include="netsim.cpp">
      <Filter>Source Files</Filter>
    </ClCompile>
    <ClCompile Include="NetSimModule.cpp">
      <Filter>Source Files</Filter>
    </ClCompile>
    <ClCompile Include="Xmpp.cpp">
      <Filter>Source Files</Filter>
    </ClCompile>
  </ItemGroup>
  <ItemGroup>
    <ClInclude Include="Http.h">
      <Filter>Header Files</Filter>
    </ClInclude>
    <ClInclude Include="Local.h">
      <Filter>Header Files</Filter>
    </ClInclude>
    <ClInclude Include="netsim.h">
      <Filter>Header Files</Filter>
    </ClInclude>
    <ClInclude Include="NetSimModule.h">
      <Filter>Header Files</Filter>
    </ClInclude>
    <ClInclude Include="Xmpp.h">
      <Filter>Header Files</Filter>
    </ClInclude>
  </ItemGroup>
  <ItemGroup>
    <None Include="..\..\bin\Win32\Debug\modules\netsim\config.txt" />
  </ItemGroup>
</Project>